
Microsoft Visual Studio Solution File, Format Version 11.00
# Visual Studio 2010
Project("{FAE04EC0-301F-11D3-BF4B-00C04F79EFBC}") = "TwinStick", "TwinStick.csproj", "{2E083BC3-0D8B-4E95-B86E-94E216C87899}"
EndProject
Project("{FAE04EC0-301F-11D3-BF4B-00C04F79EFBC}") = "OperationFiascoContent", "OperationFiascoContent\OperationFiascoContent.contentproj", "{D4BF583F-36FD-48C1-9069-E5F1705430F2}"
EndProject
Project("{FAE04EC0-301F-11D3-BF4B-00C04F79EFBC}") = "OperationFiasco", "OperationFiasco\OperationFiasco.csproj", "{40FB1F85-EB0F-4AB7-86FD-2E6726CC21F0}"
EndProject
Global
	GlobalSection(SolutionConfigurationPlatforms) = preSolution
		Debug|Any CPU = Debug|Any CPU
		Debug|Mixed Platforms = Debug|Mixed Platforms
		Debug|x86 = Debug|x86
		Debug|Xbox 360 = Debug|Xbox 360
		Release|Any CPU = Release|Any CPU
		Release|Mixed Platforms = Release|Mixed Platforms
		Release|x86 = Release|x86
		Release|Xbox 360 = Release|Xbox 360
	EndGlobalSection
	GlobalSection(ProjectConfigurationPlatforms) = postSolution
		{2E083BC3-0D8B-4E95-B86E-94E216C87899}.Debug|Any CPU.ActiveCfg = Debug|Any CPU
		{2E083BC3-0D8B-4E95-B86E-94E216C87899}.Debug|Any CPU.Build.0 = Debug|Any CPU
		{2E083BC3-0D8B-4E95-B86E-94E216C87899}.Debug|Mixed Platforms.ActiveCfg = Debug|Any CPU
		{2E083BC3-0D8B-4E95-B86E-94E216C87899}.Debug|Mixed Platforms.Build.0 = Debug|Any CPU
		{2E083BC3-0D8B-4E95-B86E-94E216C87899}.Debug|x86.ActiveCfg = Debug|Any CPU
		{2E083BC3-0D8B-4E95-B86E-94E216C87899}.Debug|Xbox 360.ActiveCfg = Debug|Any CPU
		{2E083BC3-0D8B-4E95-B86E-94E216C87899}.Release|Any CPU.ActiveCfg = Release|Any CPU
		{2E083BC3-0D8B-4E95-B86E-94E216C87899}.Release|Any CPU.Build.0 = Release|Any CPU
		{2E083BC3-0D8B-4E95-B86E-94E216C87899}.Release|Mixed Platforms.ActiveCfg = Release|Any CPU
		{2E083BC3-0D8B-4E95-B86E-94E216C87899}.Release|Mixed Platforms.Build.0 = Release|Any CPU
		{2E083BC3-0D8B-4E95-B86E-94E216C87899}.Release|x86.ActiveCfg = Release|Any CPU
		{2E083BC3-0D8B-4E95-B86E-94E216C87899}.Release|Xbox 360.ActiveCfg = Release|Any CPU
		{D4BF583F-36FD-48C1-9069-E5F1705430F2}.Debug|Any CPU.ActiveCfg = Debug|x86
		{D4BF583F-36FD-48C1-9069-E5F1705430F2}.Debug|Mixed Platforms.ActiveCfg = Debug|x86
		{D4BF583F-36FD-48C1-9069-E5F1705430F2}.Debug|x86.ActiveCfg = Debug|x86
		{D4BF583F-36FD-48C1-9069-E5F1705430F2}.Debug|Xbox 360.ActiveCfg = Debug|x86
		{D4BF583F-36FD-48C1-9069-E5F1705430F2}.Release|Any CPU.ActiveCfg = Release|x86
		{D4BF583F-36FD-48C1-9069-E5F1705430F2}.Release|Mixed Platforms.ActiveCfg = Release|x86
		{D4BF583F-36FD-48C1-9069-E5F1705430F2}.Release|x86.ActiveCfg = Release|x86
		{D4BF583F-36FD-48C1-9069-E5F1705430F2}.Release|Xbox 360.ActiveCfg = Release|x86
		{40FB1F85-EB0F-4AB7-86FD-2E6726CC21F0}.Debug|Any CPU.ActiveCfg = Debug|x86
		{40FB1F85-EB0F-4AB7-86FD-2E6726CC21F0}.Debug|Mixed Platforms.ActiveCfg = Debug|x86
		{40FB1F85-EB0F-4AB7-86FD-2E6726CC21F0}.Debug|Mixed Platforms.Build.0 = Debug|x86
		{40FB1F85-EB0F-4AB7-86FD-2E6726CC21F0}.Debug|x86.ActiveCfg = Debug|x86
		{40FB1F85-EB0F-4AB7-86FD-2E6726CC21F0}.Debug|x86.Build.0 = Debug|x86
		{40FB1F85-EB0F-4AB7-86FD-2E6726CC21F0}.Debug|Xbox 360.ActiveCfg = Debug|x86
		{40FB1F85-EB0F-4AB7-86FD-2E6726CC21F0}.Release|Any CPU.ActiveCfg = Release|x86
		{40FB1F85-EB0F-4AB7-86FD-2E6726CC21F0}.Release|Mixed Platforms.ActiveCfg = Release|x86
		{40FB1F85-EB0F-4AB7-86FD-2E6726CC21F0}.Release|Mixed Platforms.Build.0 = Release|x86
		{40FB1F85-EB0F-4AB7-86FD-2E6726CC21F0}.Release|x86.ActiveCfg = Release|x86
		{40FB1F85-EB0F-4AB7-86FD-2E6726CC21F0}.Release|x86.Build.0 = Release|x86
		{40FB1F85-EB0F-4AB7-86FD-2E6726CC21F0}.Release|Xbox 360.ActiveCfg = Release|x86
	EndGlobalSection
	GlobalSection(SolutionProperties) = preSolution
		HideSolutionNode = FALSE
	EndGlobalSection
EndGlobal
